
Microsoft Visual Studio Solution File, Format Version 12.00
# Visual Studio Version 17
VisualStudioVersion = 17.8.34525.116
MinimumVisualStudioVersion = 10.0.40219.1
Project("{FAE04EC0-301F-11D3-BF4B-00C04F79EFBC}") = "ErisimBelirleyicilerVeDegiskenlerİleCalisma", "ErisimBelirleyicilerVeDegiskenlerİleCalisma.csproj", "{66F10FEC-2DB5-4DCE-80F9-E0DA098E133C}"
EndProject
Global
	GlobalSection(SolutionConfigurationPlatforms) = preSolution
		Debug|Any CPU = Debug|Any CPU
		Release|Any CPU = Release|Any CPU
	EndGlobalSection
	GlobalSection(ProjectConfigurationPlatforms) = postSolution
		{66F10FEC-2DB5-4DCE-80F9-E0DA098E133C}.Debug|Any CPU.ActiveCfg = Debug|Any CPU
		{66F10FEC-2DB5-4DCE-80F9-E0DA098E133C}.Debug|Any CPU.Build.0 = Debug|Any CPU
		{66F10FEC-2DB5-4DCE-80F9-E0DA098E133C}.Release|Any CPU.ActiveCfg = Release|Any CPU
		{66F10FEC-2DB5-4DCE-80F9-E0DA098E133C}.Release|Any CPU.Build.0 = Release|Any CPU
	EndGlobalSection
	GlobalSection(SolutionProperties) = preSolution
		HideSolutionNode = FALSE
	EndGlobalSection
	GlobalSection(ExtensibilityGlobals) = postSolution
		SolutionGuid = {7E7288C4-E045-4FE7-82F5-B5CE67AF5BB2}
	EndGlobalSection
EndGlobal
