
Microsoft Visual Studio Solution File, Format Version 12.00
# Visual Studio Version 17
VisualStudioVersion = 17.8.34525.116
MinimumVisualStudioVersion = 10.0.40219.1
Project("{FAE04EC0-301F-11D3-BF4B-00C04F79EFBC}") = "Loop&ConditionAssignment-CM", "Loop&ConditionAssignment-CM.csproj", "{4D2E91E0-9C26-44F3-860A-ABFA17A00AC8}"
EndProject
Global
	GlobalSection(SolutionConfigurationPlatforms) = preSolution
		Debug|Any CPU = Debug|Any CPU
		Release|Any CPU = Release|Any CPU
	EndGlobalSection
	GlobalSection(ProjectConfigurationPlatforms) = postSolution
		{4D2E91E0-9C26-44F3-860A-ABFA17A00AC8}.Debug|Any CPU.ActiveCfg = Debug|Any CPU
		{4D2E91E0-9C26-44F3-860A-ABFA17A00AC8}.Debug|Any CPU.Build.0 = Debug|Any CPU
		{4D2E91E0-9C26-44F3-860A-ABFA17A00AC8}.Release|Any CPU.ActiveCfg = Release|Any CPU
		{4D2E91E0-9C26-44F3-860A-ABFA17A00AC8}.Release|Any CPU.Build.0 = Release|Any CPU
	EndGlobalSection
	GlobalSection(SolutionProperties) = preSolution
		HideSolutionNode = FALSE
	EndGlobalSection
	GlobalSection(ExtensibilityGlobals) = postSolution
		SolutionGuid = {8F6E9064-FCAA-4D64-9DE9-1D9ACF3E6B5F}
	EndGlobalSection
EndGlobal
